
Microsoft Visual Studio Solution File, Format Version 12.00
# Visual Studio Version 16
VisualStudioVersion = 16.0.30320.27
MinimumVisualStudioVersion = 10.0.40219.1
Project("{FAE04EC0-301F-11D3-BF4B-00C04F79EFBC}") = "OptionalParams", "OptionalParams.csproj", "{87961068-15F5-432F-9DE5-9B0C2C8C5DF4}"
EndProject
Global
	GlobalSection(SolutionConfigurationPlatforms) = preSolution
		Debug|Any CPU = Debug|Any CPU
		Release|Any CPU = Release|Any CPU
	EndGlobalSection
	GlobalSection(ProjectConfigurationPlatforms) = postSolution
		{87961068-15F5-432F-9DE5-9B0C2C8C5DF4}.Debug|Any CPU.ActiveCfg = Debug|Any CPU
		{87961068-15F5-432F-9DE5-9B0C2C8C5DF4}.Debug|Any CPU.Build.0 = Debug|Any CPU
		{87961068-15F5-432F-9DE5-9B0C2C8C5DF4}.Release|Any CPU.ActiveCfg = Release|Any CPU
		{87961068-15F5-432F-9DE5-9B0C2C8C5DF4}.Release|Any CPU.Build.0 = Release|Any CPU
	EndGlobalSection
	GlobalSection(SolutionProperties) = preSolution
		HideSolutionNode = FALSE
	EndGlobalSection
	GlobalSection(ExtensibilityGlobals) = postSolution
		SolutionGuid = {B7C5166E-89CB-4485-9646-AC43732AD294}
	EndGlobalSection
EndGlobal
