
Microsoft Visual Studio Solution File, Format Version 12.00
# Visual Studio Version 16
VisualStudioVersion = 16.0.30225.117
MinimumVisualStudioVersion = 10.0.40219.1
Project("{FAE04EC0-301F-11D3-BF4B-00C04F79EFBC}") = "VariablesAndDataTypes", "VariablesAndDataTypes.csproj", "{3070A3B9-0E46-4336-81A8-117299165F86}"
EndProject
Global
	GlobalSection(SolutionConfigurationPlatforms) = preSolution
		Debug|Any CPU = Debug|Any CPU
		Release|Any CPU = Release|Any CPU
	EndGlobalSection
	GlobalSection(ProjectConfigurationPlatforms) = postSolution
		{3070A3B9-0E46-4336-81A8-117299165F86}.Debug|Any CPU.ActiveCfg = Debug|Any CPU
		{3070A3B9-0E46-4336-81A8-117299165F86}.Debug|Any CPU.Build.0 = Debug|Any CPU
		{3070A3B9-0E46-4336-81A8-117299165F86}.Release|Any CPU.ActiveCfg = Release|Any CPU
		{3070A3B9-0E46-4336-81A8-117299165F86}.Release|Any CPU.Build.0 = Release|Any CPU
	EndGlobalSection
	GlobalSection(SolutionProperties) = preSolution
		HideSolutionNode = FALSE
	EndGlobalSection
	GlobalSection(ExtensibilityGlobals) = postSolution
		SolutionGuid = {DA6A509E-4B91-41E0-A545-54B28BEDB7B3}
	EndGlobalSection
EndGlobal
