
Microsoft Visual Studio Solution File, Format Version 12.00
# Visual Studio Version 16
VisualStudioVersion = 16.0.30320.27
MinimumVisualStudioVersion = 10.0.40219.1
Project("{FAE04EC0-301F-11D3-BF4B-00C04F79EFBC}") = "VoidMethod", "VoidMethod.csproj", "{00359B9F-DC0B-4722-BF2D-9C38CEB30D69}"
EndProject
Global
	GlobalSection(SolutionConfigurationPlatforms) = preSolution
		Debug|Any CPU = Debug|Any CPU
		Release|Any CPU = Release|Any CPU
	EndGlobalSection
	GlobalSection(ProjectConfigurationPlatforms) = postSolution
		{00359B9F-DC0B-4722-BF2D-9C38CEB30D69}.Debug|Any CPU.ActiveCfg = Debug|Any CPU
		{00359B9F-DC0B-4722-BF2D-9C38CEB30D69}.Debug|Any CPU.Build.0 = Debug|Any CPU
		{00359B9F-DC0B-4722-BF2D-9C38CEB30D69}.Release|Any CPU.ActiveCfg = Release|Any CPU
		{00359B9F-DC0B-4722-BF2D-9C38CEB30D69}.Release|Any CPU.Build.0 = Release|Any CPU
	EndGlobalSection
	GlobalSection(SolutionProperties) = preSolution
		HideSolutionNode = FALSE
	EndGlobalSection
	GlobalSection(ExtensibilityGlobals) = postSolution
		SolutionGuid = {7AD66005-790D-4FB5-ACDB-F1BCD4589626}
	EndGlobalSection
EndGlobal
