
Microsoft Visual Studio Solution File, Format Version 12.00
# Visual Studio 15
Project("{FAE04EC0-301F-11D3-BF4B-00C04F79EFBC}") = "MeanWhileApp", "MeanWhileApp.csproj", "{B8269479-548F-4DF4-8661-A4A4C9C88CCA}"
EndProject
Global
	GlobalSection(SolutionConfigurationPlatforms) = preSolution
		Debug|Any CPU = Debug|Any CPU
		Release|Any CPU = Release|Any CPU
	EndGlobalSection
	GlobalSection(ProjectConfigurationPlatforms) = postSolution
		{B8269479-548F-4DF4-8661-A4A4C9C88CCA}.Debug|Any CPU.ActiveCfg = Debug|Any CPU
		{B8269479-548F-4DF4-8661-A4A4C9C88CCA}.Debug|Any CPU.Build.0 = Debug|Any CPU
		{B8269479-548F-4DF4-8661-A4A4C9C88CCA}.Release|Any CPU.ActiveCfg = Release|Any CPU
		{B8269479-548F-4DF4-8661-A4A4C9C88CCA}.Release|Any CPU.Build.0 = Release|Any CPU
	EndGlobalSection
EndGlobal
