Microsoft Visual Studio Solution File, Format Version 12.00
# Visual Studio Version 16
VisualStudioVersion = 16.0.30225.117
MinimumVisualStudioVersion = 10.0.40219.1
Project("{9A19103F-16F7-4668-BE54-9A1E7A4F7556}") = "StringFunctions", "StringFunctions\StringFunctions.csproj", "{29953472-D117-4F5B-B1A7-2842F74A78D5}"
EndProject
Project("{FAE04EC0-301F-11D3-BF4B-00C04F79EFBC}") = "ArraysAndLists", "ArraysAndLists\ArraysAndLists.csproj", "{B91BCEAA-3829-4D06-A006-1F1690185AC6}"
EndProject
Project("{9A19103F-16F7-4668-BE54-9A1E7A4F7556}") = "Branching", "Branching\Branching.csproj", "{EE7B5ACC-490B-4B8E-A51C-1367339E2DFE}"
EndProject
Project("{9A19103F-16F7-4668-BE54-9A1E7A4F7556}") = "BooleanLogic", "BooleanLogic\BooleanLogic.csproj", "{48EC65FC-03D2-4398-8E74-8FF0EFD03594}"
EndProject
Project("{9A19103F-16F7-4668-BE54-9A1E7A4F7556}") = "Loops", "Loops\Loops.csproj", "{6C3FA5FB-0E1D-4A09-9D3A-5E76CADE845E}"
EndProject
Project("{9A19103F-16F7-4668-BE54-9A1E7A4F7556}") = "HelloWorld", "HelloWorld\HelloWorld.csproj", "{07513DD6-44BB-4DCB-BD70-0801EBF17F8E}"
EndProject
Project("{9A19103F-16F7-4668-BE54-9A1E7A4F7556}") = "MathAndComparisonOperators", "MathAndComparisonOperators\MathAndComparisonOperators.csproj", "{76ADDD95-4EFF-4FE1-888E-E3303BC1D494}"
EndProject
Project("{9A19103F-16F7-4668-BE54-9A1E7A4F7556}") = "ConsoleApp", "ConsoleApp\ConsoleApp.csproj", "{3406339F-DA19-4365-A754-089DECD9DFA1}"
EndProject
Project("{9A19103F-16F7-4668-BE54-9A1E7A4F7556}") = "VariablesAndDataTypes", "VariablesAndDataTypes\VariablesAndDataTypes.csproj", "{DDB4D63F-1376-4A53-AF23-9ACC1996016E}"
EndProject
Project("{9A19103F-16F7-4668-BE54-9A1E7A4F7556}") = "Iterations", "Iterations\Iterations.csproj", "{36B814FC-F55B-400C-9341-23447DDEC7D5}"
EndProject
Project("{FAE04EC0-301F-11D3-BF4B-00C04F79EFBC}") = "ExceptionHandling", "ExceptionHandling\ExceptionHandling.csproj", "{1F983B1A-8455-4C36-AC5F-4A89BAE941BD}"
EndProject
Project("{FAE04EC0-301F-11D3-BF4B-00C04F79EFBC}") = "TwentyOne", "ClassesAndObjects\TwentyOne\TwentyOne.csproj", "{9A33A177-2895-476A-84B8-7CF76D223B96}"
EndProject
Global
	GlobalSection(SolutionConfigurationPlatforms) = preSolution
		Debug|Any CPU = Debug|Any CPU
		Release|Any CPU = Release|Any CPU
	EndGlobalSection
	GlobalSection(ProjectConfigurationPlatforms) = postSolution
		{29953472-D117-4F5B-B1A7-2842F74A78D5}.Debug|Any CPU.ActiveCfg = Debug|Any CPU
		{29953472-D117-4F5B-B1A7-2842F74A78D5}.Debug|Any CPU.Build.0 = Debug|Any CPU
		{29953472-D117-4F5B-B1A7-2842F74A78D5}.Release|Any CPU.ActiveCfg = Release|Any CPU
		{29953472-D117-4F5B-B1A7-2842F74A78D5}.Release|Any CPU.Build.0 = Release|Any CPU
		{B91BCEAA-3829-4D06-A006-1F1690185AC6}.Debug|Any CPU.ActiveCfg = Debug|Any CPU
		{B91BCEAA-3829-4D06-A006-1F1690185AC6}.Debug|Any CPU.Build.0 = Debug|Any CPU
		{B91BCEAA-3829-4D06-A006-1F1690185AC6}.Release|Any CPU.ActiveCfg = Release|Any CPU
		{B91BCEAA-3829-4D06-A006-1F1690185AC6}.Release|Any CPU.Build.0 = Release|Any CPU
		{EE7B5ACC-490B-4B8E-A51C-1367339E2DFE}.Debug|Any CPU.ActiveCfg = Debug|Any CPU
		{EE7B5ACC-490B-4B8E-A51C-1367339E2DFE}.Debug|Any CPU.Build.0 = Debug|Any CPU
		{EE7B5ACC-490B-4B8E-A51C-1367339E2DFE}.Release|Any CPU.ActiveCfg = Release|Any CPU
		{EE7B5ACC-490B-4B8E-A51C-1367339E2DFE}.Release|Any CPU.Build.0 = Release|Any CPU
		{48EC65FC-03D2-4398-8E74-8FF0EFD03594}.Debug|Any CPU.ActiveCfg = Debug|Any CPU
		{48EC65FC-03D2-4398-8E74-8FF0EFD03594}.Debug|Any CPU.Build.0 = Debug|Any CPU
		{48EC65FC-03D2-4398-8E74-8FF0EFD03594}.Release|Any CPU.ActiveCfg = Release|Any CPU
		{48EC65FC-03D2-4398-8E74-8FF0EFD03594}.Release|Any CPU.Build.0 = Release|Any CPU
		{6C3FA5FB-0E1D-4A09-9D3A-5E76CADE845E}.Debug|Any CPU.ActiveCfg = Debug|Any CPU
		{6C3FA5FB-0E1D-4A09-9D3A-5E76CADE845E}.Debug|Any CPU.Build.0 = Debug|Any CPU
		{6C3FA5FB-0E1D-4A09-9D3A-5E76CADE845E}.Release|Any CPU.ActiveCfg = Release|Any CPU
		{6C3FA5FB-0E1D-4A09-9D3A-5E76CADE845E}.Release|Any CPU.Build.0 = Release|Any CPU
		{07513DD6-44BB-4DCB-BD70-0801EBF17F8E}.Debug|Any CPU.ActiveCfg = Debug|Any CPU
		{07513DD6-44BB-4DCB-BD70-0801EBF17F8E}.Debug|Any CPU.Build.0 = Debug|Any CPU
		{07513DD6-44BB-4DCB-BD70-0801EBF17F8E}.Release|Any CPU.ActiveCfg = Release|Any CPU
		{07513DD6-44BB-4DCB-BD70-0801EBF17F8E}.Release|Any CPU.Build.0 = Release|Any CPU
		{76ADDD95-4EFF-4FE1-888E-E3303BC1D494}.Debug|Any CPU.ActiveCfg = Debug|Any CPU
		{76ADDD95-4EFF-4FE1-888E-E3303BC1D494}.Debug|Any CPU.Build.0 = Debug|Any CPU
		{76ADDD95-4EFF-4FE1-888E-E3303BC1D494}.Release|Any CPU.ActiveCfg = Release|Any CPU
		{76ADDD95-4EFF-4FE1-888E-E3303BC1D494}.Release|Any CPU.Build.0 = Release|Any CPU
		{3406339F-DA19-4365-A754-089DECD9DFA1}.Debug|Any CPU.ActiveCfg = Debug|Any CPU
		{3406339F-DA19-4365-A754-089DECD9DFA1}.Debug|Any CPU.Build.0 = Debug|Any CPU
		{3406339F-DA19-4365-A754-089DECD9DFA1}.Release|Any CPU.ActiveCfg = Release|Any CPU
		{3406339F-DA19-4365-A754-089DECD9DFA1}.Release|Any CPU.Build.0 = Release|Any CPU
		{DDB4D63F-1376-4A53-AF23-9ACC1996016E}.Debug|Any CPU.ActiveCfg = Debug|Any CPU
		{DDB4D63F-1376-4A53-AF23-9ACC1996016E}.Debug|Any CPU.Build.0 = Debug|Any CPU
		{DDB4D63F-1376-4A53-AF23-9ACC1996016E}.Release|Any CPU.ActiveCfg = Release|Any CPU
		{DDB4D63F-1376-4A53-AF23-9ACC1996016E}.Release|Any CPU.Build.0 = Release|Any CPU
		{36B814FC-F55B-400C-9341-23447DDEC7D5}.Debug|Any CPU.ActiveCfg = Debug|Any CPU
		{36B814FC-F55B-400C-9341-23447DDEC7D5}.Debug|Any CPU.Build.0 = Debug|Any CPU
		{36B814FC-F55B-400C-9341-23447DDEC7D5}.Release|Any CPU.ActiveCfg = Release|Any CPU
		{36B814FC-F55B-400C-9341-23447DDEC7D5}.Release|Any CPU.Build.0 = Release|Any CPU
		{1F983B1A-8455-4C36-AC5F-4A89BAE941BD}.Debug|Any CPU.ActiveCfg = Debug|Any CPU
		{1F983B1A-8455-4C36-AC5F-4A89BAE941BD}.Debug|Any CPU.Build.0 = Debug|Any CPU
		{1F983B1A-8455-4C36-AC5F-4A89BAE941BD}.Release|Any CPU.ActiveCfg = Release|Any CPU
		{1F983B1A-8455-4C36-AC5F-4A89BAE941BD}.Release|Any CPU.Build.0 = Release|Any CPU
		{9A33A177-2895-476A-84B8-7CF76D223B96}.Debug|Any CPU.ActiveCfg = Debug|Any CPU
		{9A33A177-2895-476A-84B8-7CF76D223B96}.Debug|Any CPU.Build.0 = Debug|Any CPU
		{9A33A177-2895-476A-84B8-7CF76D223B96}.Release|Any CPU.ActiveCfg = Release|Any CPU
		{9A33A177-2895-476A-84B8-7CF76D223B96}.Release|Any CPU.Build.0 = Release|Any CPU
	EndGlobalSection
	GlobalSection(SolutionProperties) = preSolution
		HideSolutionNode = FALSE
	EndGlobalSection
	GlobalSection(ExtensibilityGlobals) = postSolution
		SolutionGuid = {D57BA888-96E1-4338-892E-01372C3AE3EB}
	EndGlobalSection
EndGlobal
